
Microsoft Visual Studio Solution File, Format Version 12.00
# Visual Studio Version 17
VisualStudioVersion = 17.0.32126.317
MinimumVisualStudioVersion = 10.0.40219.1
Project("{FAE04EC0-301F-11D3-BF4B-00C04F79EFBC}") = "Aplicacion", "..\Aplicacion\Aplicacion.csproj", "{116FB3D5-1AD6-49A6-8849-8B61381D1790}"
EndProject
Project("{FAE04EC0-301F-11D3-BF4B-00C04F79EFBC}") = "Dominio", "..\Dominio\Dominio.csproj", "{9C14D92F-FA3C-4B65-8BA8-6793311054A1}"
EndProject
Project("{FAE04EC0-301F-11D3-BF4B-00C04F79EFBC}") = "Dominio.Entidades", "..\Dominio.Entidades\Dominio.Entidades.csproj", "{81E81092-8752-4BB5-848B-3D99A6D39B3B}"
EndProject
Project("{FAE04EC0-301F-11D3-BF4B-00C04F79EFBC}") = "Infraestructura", "..\Infraestructura\Infraestructura.csproj", "{343E3C5F-2C48-448E-90CC-2DBFE1C03A9D}"
EndProject
Project("{FAE04EC0-301F-11D3-BF4B-00C04F79EFBC}") = "FrontNet", "FrontNet\FrontNet.csproj", "{7CB8EC75-DCF3-4B27-BDF6-AC796E98EC5A}"
EndProject
Project("{FAE04EC0-301F-11D3-BF4B-00C04F79EFBC}") = "Infraestructura.Data", "Infraestructura.Data\Infraestructura.Data.csproj", "{F8786F27-0B6F-4FD2-AD12-51E38B6F5832}"
EndProject
Project("{FAE04EC0-301F-11D3-BF4B-00C04F79EFBC}") = "Infraestructura.IoC", "Infraestructura.IoC\Infraestructura.IoC.csproj", "{2D966585-469D-4602-8381-DA141F695B31}"
EndProject
Project("{FAE04EC0-301F-11D3-BF4B-00C04F79EFBC}") = "Infraestructura.Core", "Infraestructura.Core\Infraestructura.Core.csproj", "{05BDAFD2-199C-46F9-9D24-849F902B9E9F}"
EndProject
Project("{FAE04EC0-301F-11D3-BF4B-00C04F79EFBC}") = "Front", "Front\Front.csproj", "{5BC5FF48-37B0-4900-A02C-21886E8A04A3}"
EndProject
Project("{FAE04EC0-301F-11D3-BF4B-00C04F79EFBC}") = "Helpers", "Helpers\Helpers.csproj", "{E3535C0F-1AE0-436D-B216-E4D9B937B71C}"
EndProject
Global
	GlobalSection(SolutionConfigurationPlatforms) = preSolution
		Debug|Any CPU = Debug|Any CPU
		Release|Any CPU = Release|Any CPU
	EndGlobalSection
	GlobalSection(ProjectConfigurationPlatforms) = postSolution
		{116FB3D5-1AD6-49A6-8849-8B61381D1790}.Debug|Any CPU.ActiveCfg = Debug|Any CPU
		{116FB3D5-1AD6-49A6-8849-8B61381D1790}.Debug|Any CPU.Build.0 = Debug|Any CPU
		{116FB3D5-1AD6-49A6-8849-8B61381D1790}.Release|Any CPU.ActiveCfg = Release|Any CPU
		{116FB3D5-1AD6-49A6-8849-8B61381D1790}.Release|Any CPU.Build.0 = Release|Any CPU
		{9C14D92F-FA3C-4B65-8BA8-6793311054A1}.Debug|Any CPU.ActiveCfg = Debug|Any CPU
		{9C14D92F-FA3C-4B65-8BA8-6793311054A1}.Debug|Any CPU.Build.0 = Debug|Any CPU
		{9C14D92F-FA3C-4B65-8BA8-6793311054A1}.Release|Any CPU.ActiveCfg = Release|Any CPU
		{9C14D92F-FA3C-4B65-8BA8-6793311054A1}.Release|Any CPU.Build.0 = Release|Any CPU
		{81E81092-8752-4BB5-848B-3D99A6D39B3B}.Debug|Any CPU.ActiveCfg = Debug|Any CPU
		{81E81092-8752-4BB5-848B-3D99A6D39B3B}.Debug|Any CPU.Build.0 = Debug|Any CPU
		{81E81092-8752-4BB5-848B-3D99A6D39B3B}.Release|Any CPU.ActiveCfg = Release|Any CPU
		{81E81092-8752-4BB5-848B-3D99A6D39B3B}.Release|Any CPU.Build.0 = Release|Any CPU
		{343E3C5F-2C48-448E-90CC-2DBFE1C03A9D}.Debug|Any CPU.ActiveCfg = Debug|Any CPU
		{343E3C5F-2C48-448E-90CC-2DBFE1C03A9D}.Debug|Any CPU.Build.0 = Debug|Any CPU
		{343E3C5F-2C48-448E-90CC-2DBFE1C03A9D}.Release|Any CPU.ActiveCfg = Release|Any CPU
		{343E3C5F-2C48-448E-90CC-2DBFE1C03A9D}.Release|Any CPU.Build.0 = Release|Any CPU
		{7CB8EC75-DCF3-4B27-BDF6-AC796E98EC5A}.Debug|Any CPU.ActiveCfg = Debug|Any CPU
		{7CB8EC75-DCF3-4B27-BDF6-AC796E98EC5A}.Debug|Any CPU.Build.0 = Debug|Any CPU
		{7CB8EC75-DCF3-4B27-BDF6-AC796E98EC5A}.Release|Any CPU.ActiveCfg = Release|Any CPU
		{7CB8EC75-DCF3-4B27-BDF6-AC796E98EC5A}.Release|Any CPU.Build.0 = Release|Any CPU
		{F8786F27-0B6F-4FD2-AD12-51E38B6F5832}.Debug|Any CPU.ActiveCfg = Debug|Any CPU
		{F8786F27-0B6F-4FD2-AD12-51E38B6F5832}.Debug|Any CPU.Build.0 = Debug|Any CPU
		{F8786F27-0B6F-4FD2-AD12-51E38B6F5832}.Release|Any CPU.ActiveCfg = Release|Any CPU
		{F8786F27-0B6F-4FD2-AD12-51E38B6F5832}.Release|Any CPU.Build.0 = Release|Any CPU
		{2D966585-469D-4602-8381-DA141F695B31}.Debug|Any CPU.ActiveCfg = Debug|Any CPU
		{2D966585-469D-4602-8381-DA141F695B31}.Debug|Any CPU.Build.0 = Debug|Any CPU
		{2D966585-469D-4602-8381-DA141F695B31}.Release|Any CPU.ActiveCfg = Release|Any CPU
		{2D966585-469D-4602-8381-DA141F695B31}.Release|Any CPU.Build.0 = Release|Any CPU
		{05BDAFD2-199C-46F9-9D24-849F902B9E9F}.Debug|Any CPU.ActiveCfg = Debug|Any CPU
		{05BDAFD2-199C-46F9-9D24-849F902B9E9F}.Debug|Any CPU.Build.0 = Debug|Any CPU
		{05BDAFD2-199C-46F9-9D24-849F902B9E9F}.Release|Any CPU.ActiveCfg = Release|Any CPU
		{05BDAFD2-199C-46F9-9D24-849F902B9E9F}.Release|Any CPU.Build.0 = Release|Any CPU
		{5BC5FF48-37B0-4900-A02C-21886E8A04A3}.Debug|Any CPU.ActiveCfg = Debug|Any CPU
		{5BC5FF48-37B0-4900-A02C-21886E8A04A3}.Debug|Any CPU.Build.0 = Debug|Any CPU
		{5BC5FF48-37B0-4900-A02C-21886E8A04A3}.Release|Any CPU.ActiveCfg = Release|Any CPU
		{5BC5FF48-37B0-4900-A02C-21886E8A04A3}.Release|Any CPU.Build.0 = Release|Any CPU
		{E3535C0F-1AE0-436D-B216-E4D9B937B71C}.Debug|Any CPU.ActiveCfg = Debug|Any CPU
		{E3535C0F-1AE0-436D-B216-E4D9B937B71C}.Debug|Any CPU.Build.0 = Debug|Any CPU
		{E3535C0F-1AE0-436D-B216-E4D9B937B71C}.Release|Any CPU.ActiveCfg = Release|Any CPU
		{E3535C0F-1AE0-436D-B216-E4D9B937B71C}.Release|Any CPU.Build.0 = Release|Any CPU
	EndGlobalSection
	GlobalSection(SolutionProperties) = preSolution
		HideSolutionNode = FALSE
	EndGlobalSection
	GlobalSection(ExtensibilityGlobals) = postSolution
		SolutionGuid = {C2669362-62BB-4D11-A3DD-607953503C19}
	EndGlobalSection
EndGlobal
